
Microsoft Visual Studio Solution File, Format Version 12.00
# Visual Studio Version 17
VisualStudioVersion = 17.10.35013.160
MinimumVisualStudioVersion = 10.0.40219.1
Project("{FAE04EC0-301F-11D3-BF4B-00C04F79EFBC}") = "WinFormsApp1", "WinFormsApp1\WinFormsApp1.csproj", "{527C51C7-18C2-4667-A3BC-E8F56BD66C7E}"
EndProject
Global
	GlobalSection(SolutionConfigurationPlatforms) = preSolution
		Debug|Any CPU = Debug|Any CPU
		Release|Any CPU = Release|Any CPU
	EndGlobalSection
	GlobalSection(ProjectConfigurationPlatforms) = postSolution
		{527C51C7-18C2-4667-A3BC-E8F56BD66C7E}.Debug|Any CPU.ActiveCfg = Debug|Any CPU
		{527C51C7-18C2-4667-A3BC-E8F56BD66C7E}.Debug|Any CPU.Build.0 = Debug|Any CPU
		{527C51C7-18C2-4667-A3BC-E8F56BD66C7E}.Release|Any CPU.ActiveCfg = Release|Any CPU
		{527C51C7-18C2-4667-A3BC-E8F56BD66C7E}.Release|Any CPU.Build.0 = Release|Any CPU
	EndGlobalSection
	GlobalSection(SolutionProperties) = preSolution
		HideSolutionNode = FALSE
	EndGlobalSection
	GlobalSection(ExtensibilityGlobals) = postSolution
		SolutionGuid = {102A911D-90D9-4A14-A350-986C444CA55D}
	EndGlobalSection
EndGlobal
